// !$*UTF8*$!
{
	archiveVersion = 1;
	classes = {
	};
	objectVersion = 46;
	objects = {

/* Begin PBXBuildFile section */
		D3D2B2121D2FB80100530D53 /* main.m in Sources */ = {isa = PBXBuildFile; fileRef = D3D2B2111D2FB80100530D53 /* main.m */; };
		D3D2B2151D2FB80100530D53 /* AppDelegate.m in Sources */ = {isa = PBXBuildFile; fileRef = D3D2B2141D2FB80100530D53 /* AppDelegate.m */; };
		D3D2B2181D2FB80100530D53 /* ViewController.m in Sources */ = {isa = PBXBuildFile; fileRef = D3D2B2171D2FB80100530D53 /* ViewController.m */; };
		D3D2B21B1D2FB80100530D53 /* Main.storyboard in Resources */ = {isa = PBXBuildFile; fileRef = D3D2B2191D2FB80100530D53 /* Main.storyboard */; };
		D3D2B21E1D2FB80100530D53 /* CLPhotoLib.xcdatamodeld in Sources */ = {isa = PBXBuildFile; fileRef = D3D2B21C1D2FB80100530D53 /* CLPhotoLib.xcdatamodeld */; };
		D3D2B2201D2FB80100530D53 /* Assets.xcassets in Resources */ = {isa = PBXBuildFile; fileRef = D3D2B21F1D2FB80100530D53 /* Assets.xcassets */; };
		D3D2B2231D2FB80100530D53 /* LaunchScreen.storyboard in Resources */ = {isa = PBXBuildFile; fileRef = D3D2B2211D2FB80100530D53 /* LaunchScreen.storyboard */; };
		D3D2B2471D2FB81000530D53 /* CLImageManager.m in Sources */ = {isa = PBXBuildFile; fileRef = D3D2B22C1D2FB81000530D53 /* CLImageManager.m */; };
		D3D2B2481D2FB81000530D53 /* CLImagePickerController.m in Sources */ = {isa = PBXBuildFile; fileRef = D3D2B22F1D2FB81000530D53 /* CLImagePickerController.m */; };
		D3D2B2491D2FB81000530D53 /* CLPhotoPreviewController.m in Sources */ = {isa = PBXBuildFile; fileRef = D3D2B2311D2FB81000530D53 /* CLPhotoPreviewController.m */; };
		D3D2B24A1D2FB81000530D53 /* CLVideoPlayerController.m in Sources */ = {isa = PBXBuildFile; fileRef = D3D2B2331D2FB81000530D53 /* CLVideoPlayerController.m */; };
		D3D2B24B1D2FB81000530D53 /* UIImage+CLImage.m in Sources */ = {isa = PBXBuildFile; fileRef = D3D2B2361D2FB81000530D53 /* UIImage+CLImage.m */; };
		D3D2B24C1D2FB81000530D53 /* UIView+CLExt.m in Sources */ = {isa = PBXBuildFile; fileRef = D3D2B2381D2FB81000530D53 /* UIView+CLExt.m */; };
		D3D2B24D1D2FB81000530D53 /* CLAssetModel.m in Sources */ = {isa = PBXBuildFile; fileRef = D3D2B23B1D2FB81000530D53 /* CLAssetModel.m */; };
		D3D2B24E1D2FB81000530D53 /* CLAlbumTableView.m in Sources */ = {isa = PBXBuildFile; fileRef = D3D2B23E1D2FB81000530D53 /* CLAlbumTableView.m */; };
		D3D2B24F1D2FB81000530D53 /* CLAssetCell.m in Sources */ = {isa = PBXBuildFile; fileRef = D3D2B2401D2FB81000530D53 /* CLAssetCell.m */; };
		D3D2B2501D2FB81000530D53 /* CLPhotoPreviewCell.m in Sources */ = {isa = PBXBuildFile; fileRef = D3D2B2421D2FB81000530D53 /* CLPhotoPreviewCell.m */; };
		D3D2B2511D2FB81000530D53 /* CLPhotoLib.bundle in Resources */ = {isa = PBXBuildFile; fileRef = D3D2B2431D2FB81000530D53 /* CLPhotoLib.bundle */; };
		D3D2B2521D2FB81000530D53 /* CLPickerRootController.m in Sources */ = {isa = PBXBuildFile; fileRef = D3D2B2461D2FB81000530D53 /* CLPickerRootController.m */; };
/* End PBXBuildFile section */

/* Begin PBXFileReference section */
		D3D2B20D1D2FB80100530D53 /* CLPhotoLib.app */ = {isa = PBXFileReference; explicitFileType = wrapper.application; includeInIndex = 0; path = CLPhotoLib.app; sourceTree = BUILT_PRODUCTS_DIR; };
		D3D2B2111D2FB80100530D53 /* main.m */ = {isa = PBXFileReference; lastKnownFileType = sourcecode.c.objc; path = main.m; sourceTree = "<group>"; };
		D3D2B2131D2FB80100530D53 /* AppDelegate.h */ = {isa = PBXFileReference; lastKnownFileType = sourcecode.c.h; path = AppDelegate.h; sourceTree = "<group>"; };
		D3D2B2141D2FB80100530D53 /* AppDelegate.m */ = {isa = PBXFileReference; lastKnownFileType = sourcecode.c.objc; path = AppDelegate.m; sourceTree = "<group>"; };
		D3D2B2161D2FB80100530D53 /* ViewController.h */ = {isa = PBXFileReference; lastKnownFileType = sourcecode.c.h; path = ViewController.h; sourceTree = "<group>"; };
		D3D2B2171D2FB80100530D53 /* ViewController.m */ = {isa = PBXFileReference; lastKnownFileType = sourcecode.c.objc; path = ViewController.m; sourceTree = "<group>"; };
		D3D2B21A1D2FB80100530D53 /* Base */ = {isa = PBXFileReference; lastKnownFileType = file.storyboard; name = Base; path = Base.lproj/Main.storyboard; sourceTree = "<group>"; };
		D3D2B21D1D2FB80100530D53 /* CLPhotoLib.xcdatamodel */ = {isa = PBXFileReference; lastKnownFileType = wrapper.xcdatamodel; path = CLPhotoLib.xcdatamodel; sourceTree = "<group>"; };
		D3D2B21F1D2FB80100530D53 /* Assets.xcassets */ = {isa = PBXFileReference; lastKnownFileType = folder.assetcatalog; path = Assets.xcassets; sourceTree = "<group>"; };
		D3D2B2221D2FB80100530D53 /* Base */ = {isa = PBXFileReference; lastKnownFileType = file.storyboard; name = Base; path = Base.lproj/LaunchScreen.storyboard; sourceTree = "<group>"; };
		D3D2B2241D2FB80100530D53 /* Info.plist */ = {isa = PBXFileReference; lastKnownFileType = text.plist.xml; path = Info.plist; sourceTree = "<group>"; };
		D3D2B22B1D2FB81000530D53 /* CLImageManager.h */ = {isa = PBXFileReference; fileEncoding = 4; lastKnownFileType = sourcecode.c.h; path = CLImageManager.h; sourceTree = "<group>"; };
		D3D2B22C1D2FB81000530D53 /* CLImageManager.m */ = {isa = PBXFileReference; fileEncoding = 4; lastKnownFileType = sourcecode.c.objc; path = CLImageManager.m; sourceTree = "<group>"; };
		D3D2B22E1D2FB81000530D53 /* CLImagePickerController.h */ = {isa = PBXFileReference; fileEncoding = 4; lastKnownFileType = sourcecode.c.h; path = CLImagePickerController.h; sourceTree = "<group>"; };
		D3D2B22F1D2FB81000530D53 /* CLImagePickerController.m */ = {isa = PBXFileReference; fileEncoding = 4; lastKnownFileType = sourcecode.c.objc; path = CLImagePickerController.m; sourceTree = "<group>"; };
		D3D2B2301D2FB81000530D53 /* CLPhotoPreviewController.h */ = {isa = PBXFileReference; fileEncoding = 4; lastKnownFileType = sourcecode.c.h; path = CLPhotoPreviewController.h; sourceTree = "<group>"; };
		D3D2B2311D2FB81000530D53 /* CLPhotoPreviewController.m */ = {isa = PBXFileReference; fileEncoding = 4; lastKnownFileType = sourcecode.c.objc; path = CLPhotoPreviewController.m; sourceTree = "<group>"; };
		D3D2B2321D2FB81000530D53 /* CLVideoPlayerController.h */ = {isa = PBXFileReference; fileEncoding = 4; lastKnownFileType = sourcecode.c.h; path = CLVideoPlayerController.h; sourceTree = "<group>"; };
		D3D2B2331D2FB81000530D53 /* CLVideoPlayerController.m */ = {isa = PBXFileReference; fileEncoding = 4; lastKnownFileType = sourcecode.c.objc; path = CLVideoPlayerController.m; sourceTree = "<group>"; };
		D3D2B2351D2FB81000530D53 /* UIImage+CLImage.h */ = {isa = PBXFileReference; fileEncoding = 4; lastKnownFileType = sourcecode.c.h; path = "UIImage+CLImage.h"; sourceTree = "<group>"; };
		D3D2B2361D2FB81000530D53 /* UIImage+CLImage.m */ = {isa = PBXFileReference; fileEncoding = 4; lastKnownFileType = sourcecode.c.objc; path = "UIImage+CLImage.m"; sourceTree = "<group>"; };
		D3D2B2371D2FB81000530D53 /* UIView+CLExt.h */ = {isa = PBXFileReference; fileEncoding = 4; lastKnownFileType = sourcecode.c.h; path = "UIView+CLExt.h"; sourceTree = "<group>"; };
		D3D2B2381D2FB81000530D53 /* UIView+CLExt.m */ = {isa = PBXFileReference; fileEncoding = 4; lastKnownFileType = sourcecode.c.objc; path = "UIView+CLExt.m"; sourceTree = "<group>"; };
		D3D2B23A1D2FB81000530D53 /* CLAssetModel.h */ = {isa = PBXFileReference; fileEncoding = 4; lastKnownFileType = sourcecode.c.h; path = CLAssetModel.h; sourceTree = "<group>"; };
		D3D2B23B1D2FB81000530D53 /* CLAssetModel.m */ = {isa = PBXFileReference; fileEncoding = 4; lastKnownFileType = sourcecode.c.objc; path = CLAssetModel.m; sourceTree = "<group>"; };
		D3D2B23D1D2FB81000530D53 /* CLAlbumTableView.h */ = {isa = PBXFileReference; fileEncoding = 4; lastKnownFileType = sourcecode.c.h; path = CLAlbumTableView.h; sourceTree = "<group>"; };
		D3D2B23E1D2FB81000530D53 /* CLAlbumTableView.m */ = {isa = PBXFileReference; fileEncoding = 4; lastKnownFileType = sourcecode.c.objc; path = CLAlbumTableView.m; sourceTree = "<group>"; };
		D3D2B23F1D2FB81000530D53 /* CLAssetCell.h */ = {isa = PBXFileReference; fileEncoding = 4; lastKnownFileType = sourcecode.c.h; path = CLAssetCell.h; sourceTree = "<group>"; };
		D3D2B2401D2FB81000530D53 /* CLAssetCell.m */ = {isa = PBXFileReference; fileEncoding = 4; lastKnownFileType = sourcecode.c.objc; path = CLAssetCell.m; sourceTree = "<group>"; };
		D3D2B2411D2FB81000530D53 /* CLPhotoPreviewCell.h */ = {isa = PBXFileReference; fileEncoding = 4; lastKnownFileType = sourcecode.c.h; path = CLPhotoPreviewCell.h; sourceTree = "<group>"; };
		D3D2B2421D2FB81000530D53 /* CLPhotoPreviewCell.m */ = {isa = PBXFileReference; fileEncoding = 4; lastKnownFileType = sourcecode.c.objc; path = CLPhotoPreviewCell.m; sourceTree = "<group>"; };
		D3D2B2431D2FB81000530D53 /* CLPhotoLib.bundle */ = {isa = PBXFileReference; lastKnownFileType = "wrapper.plug-in"; path = CLPhotoLib.bundle; sourceTree = "<group>"; };
		D3D2B2441D2FB81000530D53 /* CLPhotoLib.h */ = {isa = PBXFileReference; fileEncoding = 4; lastKnownFileType = sourcecode.c.h; path = CLPhotoLib.h; sourceTree = "<group>"; };
		D3D2B2451D2FB81000530D53 /* CLPickerRootController.h */ = {isa = PBXFileReference; fileEncoding = 4; lastKnownFileType = sourcecode.c.h; path = CLPickerRootController.h; sourceTree = "<group>"; };
		D3D2B2461D2FB81000530D53 /* CLPickerRootController.m */ = {isa = PBXFileReference; fileEncoding = 4; lastKnownFileType = sourcecode.c.objc; path = CLPickerRootController.m; sourceTree = "<group>"; };
/* End PBXFileReference section */

/* Begin PBXFrameworksBuildPhase section */
		D3D2B20A1D2FB80100530D53 /* Frameworks */ = {
			isa = PBXFrameworksBuildPhase;
			buildActionMask = 2147483647;
			files = (
			);
			runOnlyForDeploymentPostprocessing = 0;
		};
/* End PBXFrameworksBuildPhase section */

/* Begin PBXGroup section */
		D3D2B2041D2FB80100530D53 = {
			isa = PBXGroup;
			children = (
				D3D2B20F1D2FB80100530D53 /* CLPhotoLib */,
				D3D2B20E1D2FB80100530D53 /* Products */,
			);
			sourceTree = "<group>";
		};
		D3D2B20E1D2FB80100530D53 /* Products */ = {
			isa = PBXGroup;
			children = (
				D3D2B20D1D2FB80100530D53 /* CLPhotoLib.app */,
			);
			name = Products;
			sourceTree = "<group>";
		};
		D3D2B20F1D2FB80100530D53 /* CLPhotoLib */ = {
			isa = PBXGroup;
			children = (
				D3D2B22A1D2FB81000530D53 /* CLPhotoLib */,
				D3D2B2131D2FB80100530D53 /* AppDelegate.h */,
				D3D2B2141D2FB80100530D53 /* AppDelegate.m */,
				D3D2B2161D2FB80100530D53 /* ViewController.h */,
				D3D2B2171D2FB80100530D53 /* ViewController.m */,
				D3D2B2191D2FB80100530D53 /* Main.storyboard */,
				D3D2B21F1D2FB80100530D53 /* Assets.xcassets */,
				D3D2B2211D2FB80100530D53 /* LaunchScreen.storyboard */,
				D3D2B2241D2FB80100530D53 /* Info.plist */,
				D3D2B21C1D2FB80100530D53 /* CLPhotoLib.xcdatamodeld */,
				D3D2B2101D2FB80100530D53 /* Supporting Files */,
			);
			path = CLPhotoLib;
			sourceTree = "<group>";
		};
		D3D2B2101D2FB80100530D53 /* Supporting Files */ = {
			isa = PBXGroup;
			children = (
				D3D2B2111D2FB80100530D53 /* main.m */,
			);
			name = "Supporting Files";
			sourceTree = "<group>";
		};
		D3D2B22A1D2FB81000530D53 /* CLPhotoLib */ = {
			isa = PBXGroup;
			children = (
				D3D2B2441D2FB81000530D53 /* CLPhotoLib.h */,
				D3D2B22B1D2FB81000530D53 /* CLImageManager.h */,
				D3D2B22C1D2FB81000530D53 /* CLImageManager.m */,
				D3D2B2451D2FB81000530D53 /* CLPickerRootController.h */,
				D3D2B2461D2FB81000530D53 /* CLPickerRootController.m */,
				D3D2B22D1D2FB81000530D53 /* CLLibController */,
				D3D2B2341D2FB81000530D53 /* CLLibExt */,
				D3D2B2391D2FB81000530D53 /* CLLibModel */,
				D3D2B23C1D2FB81000530D53 /* CLLibView */,
				D3D2B2431D2FB81000530D53 /* CLPhotoLib.bundle */,
			);
			path = CLPhotoLib;
			sourceTree = "<group>";
		};
		D3D2B22D1D2FB81000530D53 /* CLLibController */ = {
			isa = PBXGroup;
			children = (
				D3D2B22E1D2FB81000530D53 /* CLImagePickerController.h */,
				D3D2B22F1D2FB81000530D53 /* CLImagePickerController.m */,
				D3D2B2301D2FB81000530D53 /* CLPhotoPreviewController.h */,
				D3D2B2311D2FB81000530D53 /* CLPhotoPreviewController.m */,
				D3D2B2321D2FB81000530D53 /* CLVideoPlayerController.h */,
				D3D2B2331D2FB81000530D53 /* CLVideoPlayerController.m */,
			);
			path = CLLibController;
			sourceTree = "<group>";
		};
		D3D2B2341D2FB81000530D53 /* CLLibExt */ = {
			isa = PBXGroup;
			children = (
				D3D2B2351D2FB81000530D53 /* UIImage+CLImage.h */,
				D3D2B2361D2FB81000530D53 /* UIImage+CLImage.m */,
				D3D2B2371D2FB81000530D53 /* UIView+CLExt.h */,
				D3D2B2381D2FB81000530D53 /* UIView+CLExt.m */,
			);
			path = CLLibExt;
			sourceTree = "<group>";
		};
		D3D2B2391D2FB81000530D53 /* CLLibModel */ = {
			isa = PBXGroup;
			children = (
				D3D2B23A1D2FB81000530D53 /* CLAssetModel.h */,
				D3D2B23B1D2FB81000530D53 /* CLAssetModel.m */,
			);
			path = CLLibModel;
			sourceTree = "<group>";
		};
		D3D2B23C1D2FB81000530D53 /* CLLibView */ = {
			isa = PBXGroup;
			children = (
				D3D2B23D1D2FB81000530D53 /* CLAlbumTableView.h */,
				D3D2B23E1D2FB81000530D53 /* CLAlbumTableView.m */,
				D3D2B23F1D2FB81000530D53 /* CLAssetCell.h */,
				D3D2B2401D2FB81000530D53 /* CLAssetCell.m */,
				D3D2B2411D2FB81000530D53 /* CLPhotoPreviewCell.h */,
				D3D2B2421D2FB81000530D53 /* CLPhotoPreviewCell.m */,
			);
			path = CLLibView;
			sourceTree = "<group>";
		};
/* End PBXGroup section */

/* Begin PBXNativeTarget section */
		D3D2B20C1D2FB80100530D53 /* CLPhotoLib */ = {
			isa = PBXNativeTarget;
			buildConfigurationList = D3D2B2271D2FB80100530D53 /* Build configuration list for PBXNativeTarget "CLPhotoLib" */;
			buildPhases = (
				D3D2B2091D2FB80100530D53 /* Sources */,
				D3D2B20A1D2FB80100530D53 /* Frameworks */,
				D3D2B20B1D2FB80100530D53 /* Resources */,
			);
			buildRules = (
			);
			dependencies = (
			);
			name = CLPhotoLib;
			productName = CLPhotoLib;
			productReference = D3D2B20D1D2FB80100530D53 /* CLPhotoLib.app */;
			productType = "com.apple.product-type.application";
		};
/* End PBXNativeTarget section */

/* Begin PBXProject section */
		D3D2B2051D2FB80100530D53 /* Project object */ = {
			isa = PBXProject;
			attributes = {
				LastUpgradeCheck = 0720;
				ORGANIZATIONNAME = ClaudeLi;
				TargetAttributes = {
					D3D2B20C1D2FB80100530D53 = {
						CreatedOnToolsVersion = 7.2.1;
						DevelopmentTeam = H6FCNRM4Z4;
					};
				};
			};
			buildConfigurationList = D3D2B2081D2FB80100530D53 /* Build configuration list for PBXProject "CLPhotoLib" */;
			compatibilityVersion = "Xcode 3.2";
			developmentRegion = English;
			hasScannedForEncodings = 0;
			knownRegions = (
				en,
				Base,
			);
			mainGroup = D3D2B2041D2FB80100530D53;
			productRefGroup = D3D2B20E1D2FB80100530D53 /* Products */;
			projectDirPath = "";
			projectRoot = "";
			targets = (
				D3D2B20C1D2FB80100530D53 /* CLPhotoLib */,
			);
		};
/* End PBXProject section */

/* Begin PBXResourcesBuildPhase section */
		D3D2B20B1D2FB80100530D53 /* Resources */ = {
			isa = PBXResourcesBuildPhase;
			buildActionMask = 2147483647;
			files = (
				D3D2B2231D2FB80100530D53 /* LaunchScreen.storyboard in Resources */,
				D3D2B2511D2FB81000530D53 /* CLPhotoLib.bundle in Resources */,
				D3D2B2201D2FB80100530D53 /* Assets.xcassets in Resources */,
				D3D2B21B1D2FB80100530D53 /* Main.storyboard in Resources */,
			);
			runOnlyForDeploymentPostprocessing = 0;
		};
/* End PBXResourcesBuildPhase section */

/* Begin PBXSourcesBuildPhase section */
		D3D2B2091D2FB80100530D53 /* Sources */ = {
			isa = PBXSourcesBuildPhase;
			buildActionMask = 2147483647;
			files = (
				D3D2B24E1D2FB81000530D53 /* CLAlbumTableView.m in Sources */,
				D3D2B2521D2FB81000530D53 /* CLPickerRootController.m in Sources */,
				D3D2B24D1D2FB81000530D53 /* CLAssetModel.m in Sources */,
				D3D2B2481D2FB81000530D53 /* CLImagePickerController.m in Sources */,
				D3D2B2181D2FB80100530D53 /* ViewController.m in Sources */,
				D3D2B2471D2FB81000530D53 /* CLImageManager.m in Sources */,
				D3D2B24C1D2FB81000530D53 /* UIView+CLExt.m in Sources */,
				D3D2B24B1D2FB81000530D53 /* UIImage+CLImage.m in Sources */,
				D3D2B24A1D2FB81000530D53 /* CLVideoPlayerController.m in Sources */,
				D3D2B2501D2FB81000530D53 /* CLPhotoPreviewCell.m in Sources */,
				D3D2B2491D2FB81000530D53 /* CLPhotoPreviewController.m in Sources */,
				D3D2B2151D2FB80100530D53 /* AppDelegate.m in Sources */,
				D3D2B24F1D2FB81000530D53 /* CLAssetCell.m in Sources */,
				D3D2B2121D2FB80100530D53 /* main.m in Sources */,
				D3D2B21E1D2FB80100530D53 /* CLPhotoLib.xcdatamodeld in Sources */,
			);
			runOnlyForDeploymentPostprocessing = 0;
		};
/* End PBXSourcesBuildPhase section */

/* Begin PBXVariantGroup section */
		D3D2B2191D2FB80100530D53 /* Main.storyboard */ = {
			isa = PBXVariantGroup;
			children = (
				D3D2B21A1D2FB80100530D53 /* Base */,
			);
			name = Main.storyboard;
			sourceTree = "<group>";
		};
		D3D2B2211D2FB80100530D53 /* LaunchScreen.storyboard */ = {
			isa = PBXVariantGroup;
			children = (
				D3D2B2221D2FB80100530D53 /* Base */,
			);
			name = LaunchScreen.storyboard;
			sourceTree = "<group>";
		};
/* End PBXVariantGroup section */

/* Begin XCBuildConfiguration section */
		D3D2B2251D2FB80100530D53 /* Debug */ = {
			isa = XCBuildConfiguration;
			buildSettings = {
				ALWAYS_SEARCH_USER_PATHS = NO;
				CLANG_CXX_LANGUAGE_STANDARD = "gnu++0x";
				CLANG_CXX_LIBRARY = "libc++";
				CLANG_ENABLE_MODULES = YES;
				CLANG_ENABLE_OBJC_ARC = YES;
				CLANG_WARN_BOOL_CONVERSION = YES;
				CLANG_WARN_CONSTANT_CONVERSION = YES;
				CLANG_WARN_DIRECT_OBJC_ISA_USAGE = YES_ERROR;
				CLANG_WARN_EMPTY_BODY = YES;
				CLANG_WARN_ENUM_CONVERSION = YES;
				CLANG_WARN_INT_CONVERSION = YES;
				CLANG_WARN_OBJC_ROOT_CLASS = YES_ERROR;
				CLANG_WARN_UNREACHABLE_CODE = YES;
				CLANG_WARN__DUPLICATE_METHOD_MATCH = YES;
				"CODE_SIGN_IDENTITY[sdk=iphoneos*]" = "iPhone Developer";
				COPY_PHASE_STRIP = NO;
				DEBUG_INFORMATION_FORMAT = dwarf;
				ENABLE_STRICT_OBJC_MSGSEND = YES;
				ENABLE_TESTABILITY = YES;
				GCC_C_LANGUAGE_STANDARD = gnu99;
				GCC_DYNAMIC_NO_PIC = NO;
				GCC_NO_COMMON_BLOCKS = YES;
				GCC_OPTIMIZATION_LEVEL = 0;
				GCC_PREPROCESSOR_DEFINITIONS = (
					"DEBUG=1",
					"$(inherited)",
				);
				GCC_WARN_64_TO_32_BIT_CONVERSION = YES;
				GCC_WARN_ABOUT_RETURN_TYPE = YES_ERROR;
				GCC_WARN_UNDECLARED_SELECTOR = YES;
				GCC_WARN_UNINITIALIZED_AUTOS = YES_AGGRESSIVE;
				GCC_WARN_UNUSED_FUNCTION = YES;
				GCC_WARN_UNUSED_VARIABLE = YES;
				IPHONEOS_DEPLOYMENT_TARGET = 9.2;
				MTL_ENABLE_DEBUG_INFO = YES;
				ONLY_ACTIVE_ARCH = YES;
				SDKROOT = iphoneos;
			};
			name = Debug;
		};
		D3D2B2261D2FB80100530D53 /* Release */ = {
			isa = XCBuildConfiguration;
			buildSettings = {
				ALWAYS_SEARCH_USER_PATHS = NO;
				CLANG_CXX_LANGUAGE_STANDARD = "gnu++0x";
				CLANG_CXX_LIBRARY = "libc++";
				CLANG_ENABLE_MODULES = YES;
				CLANG_ENABLE_OBJC_ARC = YES;
				CLANG_WARN_BOOL_CONVERSION = YES;
				CLANG_WARN_CONSTANT_CONVERSION = YES;
				CLANG_WARN_DIRECT_OBJC_ISA_USAGE = YES_ERROR;
				CLANG_WARN_EMPTY_BODY = YES;
				CLANG_WARN_ENUM_CONVERSION = YES;
				CLANG_WARN_INT_CONVERSION = YES;
				CLANG_WARN_OBJC_ROOT_CLASS = YES_ERROR;
				CLANG_WARN_UNREACHABLE_CODE = YES;
				CLANG_WARN__DUPLICATE_METHOD_MATCH = YES;
				"CODE_SIGN_IDENTITY[sdk=iphoneos*]" = "iPhone Developer";
				COPY_PHASE_STRIP = NO;
				DEBUG_INFORMATION_FORMAT = "dwarf-with-dsym";
				ENABLE_NS_ASSERTIONS = NO;
				ENABLE_STRICT_OBJC_MSGSEND = YES;
				GCC_C_LANGUAGE_STANDARD = gnu99;
				GCC_NO_COMMON_BLOCKS = YES;
				GCC_WARN_64_TO_32_BIT_CONVERSION = YES;
				GCC_WARN_ABOUT_RETURN_TYPE = YES_ERROR;
				GCC_WARN_UNDECLARED_SELECTOR = YES;
				GCC_WARN_UNINITIALIZED_AUTOS = YES_AGGRESSIVE;
				GCC_WARN_UNUSED_FUNCTION = YES;
				GCC_WARN_UNUSED_VARIABLE = YES;
				IPHONEOS_DEPLOYMENT_TARGET = 9.2;
				MTL_ENABLE_DEBUG_INFO = NO;
				SDKROOT = iphoneos;
				VALIDATE_PRODUCT = YES;
			};
			name = Release;
		};
		D3D2B2281D2FB80100530D53 /* Debug */ = {
			isa = XCBuildConfiguration;
			buildSettings = {
				ASSETCATALOG_COMPILER_APPICON_NAME = AppIcon;
				INFOPLIST_FILE = CLPhotoLib/Info.plist;
				IPHONEOS_DEPLOYMENT_TARGET = 7.0;
				LD_RUNPATH_SEARCH_PATHS = "$(inherited) @executable_path/Frameworks";
				PRODUCT_BUNDLE_IDENTIFIER = com.ClaudeLi.CLPhotoLib;
				PRODUCT_NAME = "$(TARGET_NAME)";
			};
			name = Debug;
		};
		D3D2B2291D2FB80100530D53 /* Release */ = {
			isa = XCBuildConfiguration;
			buildSettings = {
				ASSETCATALOG_COMPILER_APPICON_NAME = AppIcon;
				INFOPLIST_FILE = CLPhotoLib/Info.plist;
				IPHONEOS_DEPLOYMENT_TARGET = 7.0;
				LD_RUNPATH_SEARCH_PATHS = "$(inherited) @executable_path/Frameworks";
				PRODUCT_BUNDLE_IDENTIFIER = com.ClaudeLi.CLPhotoLib;
				PRODUCT_NAME = "$(TARGET_NAME)";
			};
			name = Release;
		};
/* End XCBuildConfiguration section */

/* Begin XCConfigurationList section */
		D3D2B2081D2FB80100530D53 /* Build configuration list for PBXProject "CLPhotoLib" */ = {
			isa = XCConfigurationList;
			buildConfigurations = (
				D3D2B2251D2FB80100530D53 /* Debug */,
				D3D2B2261D2FB80100530D53 /* Release */,
			);
			defaultConfigurationIsVisible = 0;
			defaultConfigurationName = Release;
		};
		D3D2B2271D2FB80100530D53 /* Build configuration list for PBXNativeTarget "CLPhotoLib" */ = {
			isa = XCConfigurationList;
			buildConfigurations = (
				D3D2B2281D2FB80100530D53 /* Debug */,
				D3D2B2291D2FB80100530D53 /* Release */,
			);
			defaultConfigurationIsVisible = 0;
			defaultConfigurationName = Release;
		};
/* End XCConfigurationList section */

/* Begin XCVersionGroup section */
		D3D2B21C1D2FB80100530D53 /* CLPhotoLib.xcdatamodeld */ = {
			isa = XCVersionGroup;
			children = (
				D3D2B21D1D2FB80100530D53 /* CLPhotoLib.xcdatamodel */,
			);
			currentVersion = D3D2B21D1D2FB80100530D53 /* CLPhotoLib.xcdatamodel */;
			path = CLPhotoLib.xcdatamodeld;
			sourceTree = "<group>";
			versionGroupType = wrapper.xcdatamodel;
		};
/* End XCVersionGroup section */
	};
	rootObject = D3D2B2051D2FB80100530D53 /* Project object */;
}
