// !$*UTF8*$!
{
	archiveVersion = 1;
	classes = {
	};
	objectVersion = 48;
	objects = {

/* Begin PBXBuildFile section */
		D32BEC011FCBB7650030F56F /* CLPhotoLib.bundle in Resources */ = {isa = PBXBuildFile; fileRef = D32BEC001FCBB7650030F56F /* CLPhotoLib.bundle */; };
		D32BEC021FCBB7840030F56F /* CLPhotoLib.framework in Frameworks */ = {isa = PBXBuildFile; fileRef = D32BEBFD1FCBB75B0030F56F /* CLPhotoLib.framework */; };
		D3C2F1BB1FC6C63800D8C505 /* AppDelegate.m in Sources */ = {isa = PBXBuildFile; fileRef = D3C2F1BA1FC6C63800D8C505 /* AppDelegate.m */; };
		D3C2F1BE1FC6C63800D8C505 /* ViewController.m in Sources */ = {isa = PBXBuildFile; fileRef = D3C2F1BD1FC6C63800D8C505 /* ViewController.m */; };
		D3C2F1C11FC6C63800D8C505 /* Main.storyboard in Resources */ = {isa = PBXBuildFile; fileRef = D3C2F1BF1FC6C63800D8C505 /* Main.storyboard */; };
		D3C2F1C31FC6C63800D8C505 /* Assets.xcassets in Resources */ = {isa = PBXBuildFile; fileRef = D3C2F1C21FC6C63800D8C505 /* Assets.xcassets */; };
		D3C2F1C61FC6C63800D8C505 /* LaunchScreen.storyboard in Resources */ = {isa = PBXBuildFile; fileRef = D3C2F1C41FC6C63800D8C505 /* LaunchScreen.storyboard */; };
		D3C2F1C91FC6C63800D8C505 /* main.m in Sources */ = {isa = PBXBuildFile; fileRef = D3C2F1C81FC6C63800D8C505 /* main.m */; };
		D3C2F1D31FC6C63900D8C505 /* CLPhotoDemoTests.m in Sources */ = {isa = PBXBuildFile; fileRef = D3C2F1D21FC6C63900D8C505 /* CLPhotoDemoTests.m */; };
		D3C2F1DE1FC6C63900D8C505 /* CLPhotoDemoUITests.m in Sources */ = {isa = PBXBuildFile; fileRef = D3C2F1DD1FC6C63900D8C505 /* CLPhotoDemoUITests.m */; };
/* End PBXBuildFile section */

/* Begin PBXContainerItemProxy section */
		D32BEBFC1FCBB75B0030F56F /* PBXContainerItemProxy */ = {
			isa = PBXContainerItemProxy;
			containerPortal = D32BEBF71FCBB75B0030F56F /* CLPhotoLib.xcodeproj */;
			proxyType = 2;
			remoteGlobalIDString = D3C258791FC680E500126FB9;
			remoteInfo = CLPhotoLib;
		};
		D32BEBFE1FCBB75B0030F56F /* PBXContainerItemProxy */ = {
			isa = PBXContainerItemProxy;
			containerPortal = D32BEBF71FCBB75B0030F56F /* CLPhotoLib.xcodeproj */;
			proxyType = 2;
			remoteGlobalIDString = D3C258821FC680E500126FB9;
			remoteInfo = CLPhotoLibTests;
		};
		D3C2F1CF1FC6C63900D8C505 /* PBXContainerItemProxy */ = {
			isa = PBXContainerItemProxy;
			containerPortal = D3C2F1AE1FC6C63800D8C505 /* Project object */;
			proxyType = 1;
			remoteGlobalIDString = D3C2F1B51FC6C63800D8C505;
			remoteInfo = CLPhotoDemo;
		};
		D3C2F1DA1FC6C63900D8C505 /* PBXContainerItemProxy */ = {
			isa = PBXContainerItemProxy;
			containerPortal = D3C2F1AE1FC6C63800D8C505 /* Project object */;
			proxyType = 1;
			remoteGlobalIDString = D3C2F1B51FC6C63800D8C505;
			remoteInfo = CLPhotoDemo;
		};
/* End PBXContainerItemProxy section */

/* Begin PBXFileReference section */
		D32BEBF71FCBB75B0030F56F /* CLPhotoLib.xcodeproj */ = {isa = PBXFileReference; lastKnownFileType = "wrapper.pb-project"; name = CLPhotoLib.xcodeproj; path = ../../CLPhotoLib/CLPhotoLib.xcodeproj; sourceTree = "<group>"; };
		D32BEC001FCBB7650030F56F /* CLPhotoLib.bundle */ = {isa = PBXFileReference; lastKnownFileType = "wrapper.plug-in"; name = CLPhotoLib.bundle; path = ../../CLPhotoSDK/CLPhotoLib.bundle; sourceTree = "<group>"; };
		D3C2F1B61FC6C63800D8C505 /* CLPhotoDemo.app */ = {isa = PBXFileReference; explicitFileType = wrapper.application; includeInIndex = 0; path = CLPhotoDemo.app; sourceTree = BUILT_PRODUCTS_DIR; };
		D3C2F1B91FC6C63800D8C505 /* AppDelegate.h */ = {isa = PBXFileReference; lastKnownFileType = sourcecode.c.h; path = AppDelegate.h; sourceTree = "<group>"; };
		D3C2F1BA1FC6C63800D8C505 /* AppDelegate.m */ = {isa = PBXFileReference; lastKnownFileType = sourcecode.c.objc; path = AppDelegate.m; sourceTree = "<group>"; };
		D3C2F1BC1FC6C63800D8C505 /* ViewController.h */ = {isa = PBXFileReference; lastKnownFileType = sourcecode.c.h; path = ViewController.h; sourceTree = "<group>"; };
		D3C2F1BD1FC6C63800D8C505 /* ViewController.m */ = {isa = PBXFileReference; lastKnownFileType = sourcecode.c.objc; path = ViewController.m; sourceTree = "<group>"; };
		D3C2F1C01FC6C63800D8C505 /* Base */ = {isa = PBXFileReference; lastKnownFileType = file.storyboard; name = Base; path = Base.lproj/Main.storyboard; sourceTree = "<group>"; };
		D3C2F1C21FC6C63800D8C505 /* Assets.xcassets */ = {isa = PBXFileReference; lastKnownFileType = folder.assetcatalog; path = Assets.xcassets; sourceTree = "<group>"; };
		D3C2F1C51FC6C63800D8C505 /* Base */ = {isa = PBXFileReference; lastKnownFileType = file.storyboard; name = Base; path = Base.lproj/LaunchScreen.storyboard; sourceTree = "<group>"; };
		D3C2F1C71FC6C63800D8C505 /* Info.plist */ = {isa = PBXFileReference; lastKnownFileType = text.plist.xml; path = Info.plist; sourceTree = "<group>"; };
		D3C2F1C81FC6C63800D8C505 /* main.m */ = {isa = PBXFileReference; lastKnownFileType = sourcecode.c.objc; path = main.m; sourceTree = "<group>"; };
		D3C2F1CE1FC6C63900D8C505 /* CLPhotoDemoTests.xctest */ = {isa = PBXFileReference; explicitFileType = wrapper.cfbundle; includeInIndex = 0; path = CLPhotoDemoTests.xctest; sourceTree = BUILT_PRODUCTS_DIR; };
		D3C2F1D21FC6C63900D8C505 /* CLPhotoDemoTests.m */ = {isa = PBXFileReference; lastKnownFileType = sourcecode.c.objc; path = CLPhotoDemoTests.m; sourceTree = "<group>"; };
		D3C2F1D41FC6C63900D8C505 /* Info.plist */ = {isa = PBXFileReference; lastKnownFileType = text.plist.xml; path = Info.plist; sourceTree = "<group>"; };
		D3C2F1D91FC6C63900D8C505 /* CLPhotoDemoUITests.xctest */ = {isa = PBXFileReference; explicitFileType = wrapper.cfbundle; includeInIndex = 0; path = CLPhotoDemoUITests.xctest; sourceTree = BUILT_PRODUCTS_DIR; };
		D3C2F1DD1FC6C63900D8C505 /* CLPhotoDemoUITests.m */ = {isa = PBXFileReference; lastKnownFileType = sourcecode.c.objc; path = CLPhotoDemoUITests.m; sourceTree = "<group>"; };
		D3C2F1DF1FC6C63900D8C505 /* Info.plist */ = {isa = PBXFileReference; lastKnownFileType = text.plist.xml; path = Info.plist; sourceTree = "<group>"; };
/* End PBXFileReference section */

/* Begin PBXFrameworksBuildPhase section */
		D3C2F1B31FC6C63800D8C505 /* Frameworks */ = {
			isa = PBXFrameworksBuildPhase;
			buildActionMask = 2147483647;
			files = (
				D32BEC021FCBB7840030F56F /* CLPhotoLib.framework in Frameworks */,
			);
			runOnlyForDeploymentPostprocessing = 0;
		};
		D3C2F1CB1FC6C63900D8C505 /* Frameworks */ = {
			isa = PBXFrameworksBuildPhase;
			buildActionMask = 2147483647;
			files = (
			);
			runOnlyForDeploymentPostprocessing = 0;
		};
		D3C2F1D61FC6C63900D8C505 /* Frameworks */ = {
			isa = PBXFrameworksBuildPhase;
			buildActionMask = 2147483647;
			files = (
			);
			runOnlyForDeploymentPostprocessing = 0;
		};
/* End PBXFrameworksBuildPhase section */

/* Begin PBXGroup section */
		D32BEBF81FCBB75B0030F56F /* Products */ = {
			isa = PBXGroup;
			children = (
				D32BEBFD1FCBB75B0030F56F /* CLPhotoLib.framework */,
				D32BEBFF1FCBB75B0030F56F /* CLPhotoLibTests.xctest */,
			);
			name = Products;
			sourceTree = "<group>";
		};
		D3C2F1AD1FC6C63800D8C505 = {
			isa = PBXGroup;
			children = (
				D3C2F1B81FC6C63800D8C505 /* CLPhotoDemo */,
				D3C2F1D11FC6C63900D8C505 /* CLPhotoDemoTests */,
				D3C2F1DC1FC6C63900D8C505 /* CLPhotoDemoUITests */,
				D3C2F1B71FC6C63800D8C505 /* Products */,
				D3DF15F61FC6C70200A81AD3 /* Frameworks */,
			);
			sourceTree = "<group>";
		};
		D3C2F1B71FC6C63800D8C505 /* Products */ = {
			isa = PBXGroup;
			children = (
				D3C2F1B61FC6C63800D8C505 /* CLPhotoDemo.app */,
				D3C2F1CE1FC6C63900D8C505 /* CLPhotoDemoTests.xctest */,
				D3C2F1D91FC6C63900D8C505 /* CLPhotoDemoUITests.xctest */,
			);
			name = Products;
			sourceTree = "<group>";
		};
		D3C2F1B81FC6C63800D8C505 /* CLPhotoDemo */ = {
			isa = PBXGroup;
			children = (
				D32BEC001FCBB7650030F56F /* CLPhotoLib.bundle */,
				D32BEBF71FCBB75B0030F56F /* CLPhotoLib.xcodeproj */,
				D3C2F1B91FC6C63800D8C505 /* AppDelegate.h */,
				D3C2F1BA1FC6C63800D8C505 /* AppDelegate.m */,
				D3C2F1BC1FC6C63800D8C505 /* ViewController.h */,
				D3C2F1BD1FC6C63800D8C505 /* ViewController.m */,
				D3C2F1BF1FC6C63800D8C505 /* Main.storyboard */,
				D3C2F1C21FC6C63800D8C505 /* Assets.xcassets */,
				D3C2F1C41FC6C63800D8C505 /* LaunchScreen.storyboard */,
				D3C2F1C71FC6C63800D8C505 /* Info.plist */,
				D3C2F1C81FC6C63800D8C505 /* main.m */,
			);
			path = CLPhotoDemo;
			sourceTree = "<group>";
		};
		D3C2F1D11FC6C63900D8C505 /* CLPhotoDemoTests */ = {
			isa = PBXGroup;
			children = (
				D3C2F1D21FC6C63900D8C505 /* CLPhotoDemoTests.m */,
				D3C2F1D41FC6C63900D8C505 /* Info.plist */,
			);
			path = CLPhotoDemoTests;
			sourceTree = "<group>";
		};
		D3C2F1DC1FC6C63900D8C505 /* CLPhotoDemoUITests */ = {
			isa = PBXGroup;
			children = (
				D3C2F1DD1FC6C63900D8C505 /* CLPhotoDemoUITests.m */,
				D3C2F1DF1FC6C63900D8C505 /* Info.plist */,
			);
			path = CLPhotoDemoUITests;
			sourceTree = "<group>";
		};
		D3DF15F61FC6C70200A81AD3 /* Frameworks */ = {
			isa = PBXGroup;
			children = (
			);
			name = Frameworks;
			sourceTree = "<group>";
		};
/* End PBXGroup section */

/* Begin PBXNativeTarget section */
		D3C2F1B51FC6C63800D8C505 /* CLPhotoDemo */ = {
			isa = PBXNativeTarget;
			buildConfigurationList = D3C2F1E21FC6C63900D8C505 /* Build configuration list for PBXNativeTarget "CLPhotoDemo" */;
			buildPhases = (
				D3C2F1B21FC6C63800D8C505 /* Sources */,
				D3C2F1B31FC6C63800D8C505 /* Frameworks */,
				D3C2F1B41FC6C63800D8C505 /* Resources */,
			);
			buildRules = (
			);
			dependencies = (
			);
			name = CLPhotoDemo;
			productName = CLPhotoDemo;
			productReference = D3C2F1B61FC6C63800D8C505 /* CLPhotoDemo.app */;
			productType = "com.apple.product-type.application";
		};
		D3C2F1CD1FC6C63900D8C505 /* CLPhotoDemoTests */ = {
			isa = PBXNativeTarget;
			buildConfigurationList = D3C2F1E51FC6C63900D8C505 /* Build configuration list for PBXNativeTarget "CLPhotoDemoTests" */;
			buildPhases = (
				D3C2F1CA1FC6C63900D8C505 /* Sources */,
				D3C2F1CB1FC6C63900D8C505 /* Frameworks */,
				D3C2F1CC1FC6C63900D8C505 /* Resources */,
			);
			buildRules = (
			);
			dependencies = (
				D3C2F1D01FC6C63900D8C505 /* PBXTargetDependency */,
			);
			name = CLPhotoDemoTests;
			productName = CLPhotoDemoTests;
			productReference = D3C2F1CE1FC6C63900D8C505 /* CLPhotoDemoTests.xctest */;
			productType = "com.apple.product-type.bundle.unit-test";
		};
		D3C2F1D81FC6C63900D8C505 /* CLPhotoDemoUITests */ = {
			isa = PBXNativeTarget;
			buildConfigurationList = D3C2F1E81FC6C63900D8C505 /* Build configuration list for PBXNativeTarget "CLPhotoDemoUITests" */;
			buildPhases = (
				D3C2F1D51FC6C63900D8C505 /* Sources */,
				D3C2F1D61FC6C63900D8C505 /* Frameworks */,
				D3C2F1D71FC6C63900D8C505 /* Resources */,
			);
			buildRules = (
			);
			dependencies = (
				D3C2F1DB1FC6C63900D8C505 /* PBXTargetDependency */,
			);
			name = CLPhotoDemoUITests;
			productName = CLPhotoDemoUITests;
			productReference = D3C2F1D91FC6C63900D8C505 /* CLPhotoDemoUITests.xctest */;
			productType = "com.apple.product-type.bundle.ui-testing";
		};
/* End PBXNativeTarget section */

/* Begin PBXProject section */
		D3C2F1AE1FC6C63800D8C505 /* Project object */ = {
			isa = PBXProject;
			attributes = {
				LastUpgradeCheck = 0910;
				ORGANIZATIONNAME = ClaudeLi;
				TargetAttributes = {
					D3C2F1B51FC6C63800D8C505 = {
						CreatedOnToolsVersion = 9.1;
						ProvisioningStyle = Automatic;
					};
					D3C2F1CD1FC6C63900D8C505 = {
						CreatedOnToolsVersion = 9.1;
						ProvisioningStyle = Automatic;
						TestTargetID = D3C2F1B51FC6C63800D8C505;
					};
					D3C2F1D81FC6C63900D8C505 = {
						CreatedOnToolsVersion = 9.1;
						ProvisioningStyle = Automatic;
						TestTargetID = D3C2F1B51FC6C63800D8C505;
					};
				};
			};
			buildConfigurationList = D3C2F1B11FC6C63800D8C505 /* Build configuration list for PBXProject "CLPhotoDemo" */;
			compatibilityVersion = "Xcode 8.0";
			developmentRegion = en;
			hasScannedForEncodings = 0;
			knownRegions = (
				en,
				Base,
			);
			mainGroup = D3C2F1AD1FC6C63800D8C505;
			productRefGroup = D3C2F1B71FC6C63800D8C505 /* Products */;
			projectDirPath = "";
			projectReferences = (
				{
					ProductGroup = D32BEBF81FCBB75B0030F56F /* Products */;
					ProjectRef = D32BEBF71FCBB75B0030F56F /* CLPhotoLib.xcodeproj */;
				},
			);
			projectRoot = "";
			targets = (
				D3C2F1B51FC6C63800D8C505 /* CLPhotoDemo */,
				D3C2F1CD1FC6C63900D8C505 /* CLPhotoDemoTests */,
				D3C2F1D81FC6C63900D8C505 /* CLPhotoDemoUITests */,
			);
		};
/* End PBXProject section */

/* Begin PBXReferenceProxy section */
		D32BEBFD1FCBB75B0030F56F /* CLPhotoLib.framework */ = {
			isa = PBXReferenceProxy;
			fileType = wrapper.framework;
			path = CLPhotoLib.framework;
			remoteRef = D32BEBFC1FCBB75B0030F56F /* PBXContainerItemProxy */;
			sourceTree = BUILT_PRODUCTS_DIR;
		};
		D32BEBFF1FCBB75B0030F56F /* CLPhotoLibTests.xctest */ = {
			isa = PBXReferenceProxy;
			fileType = wrapper.cfbundle;
			path = CLPhotoLibTests.xctest;
			remoteRef = D32BEBFE1FCBB75B0030F56F /* PBXContainerItemProxy */;
			sourceTree = BUILT_PRODUCTS_DIR;
		};
/* End PBXReferenceProxy section */

/* Begin PBXResourcesBuildPhase section */
		D3C2F1B41FC6C63800D8C505 /* Resources */ = {
			isa = PBXResourcesBuildPhase;
			buildActionMask = 2147483647;
			files = (
				D3C2F1C61FC6C63800D8C505 /* LaunchScreen.storyboard in Resources */,
				D32BEC011FCBB7650030F56F /* CLPhotoLib.bundle in Resources */,
				D3C2F1C31FC6C63800D8C505 /* Assets.xcassets in Resources */,
				D3C2F1C11FC6C63800D8C505 /* Main.storyboard in Resources */,
			);
			runOnlyForDeploymentPostprocessing = 0;
		};
		D3C2F1CC1FC6C63900D8C505 /* Resources */ = {
			isa = PBXResourcesBuildPhase;
			buildActionMask = 2147483647;
			files = (
			);
			runOnlyForDeploymentPostprocessing = 0;
		};
		D3C2F1D71FC6C63900D8C505 /* Resources */ = {
			isa = PBXResourcesBuildPhase;
			buildActionMask = 2147483647;
			files = (
			);
			runOnlyForDeploymentPostprocessing = 0;
		};
/* End PBXResourcesBuildPhase section */

/* Begin PBXSourcesBuildPhase section */
		D3C2F1B21FC6C63800D8C505 /* Sources */ = {
			isa = PBXSourcesBuildPhase;
			buildActionMask = 2147483647;
			files = (
				D3C2F1BE1FC6C63800D8C505 /* ViewController.m in Sources */,
				D3C2F1C91FC6C63800D8C505 /* main.m in Sources */,
				D3C2F1BB1FC6C63800D8C505 /* AppDelegate.m in Sources */,
			);
			runOnlyForDeploymentPostprocessing = 0;
		};
		D3C2F1CA1FC6C63900D8C505 /* Sources */ = {
			isa = PBXSourcesBuildPhase;
			buildActionMask = 2147483647;
			files = (
				D3C2F1D31FC6C63900D8C505 /* CLPhotoDemoTests.m in Sources */,
			);
			runOnlyForDeploymentPostprocessing = 0;
		};
		D3C2F1D51FC6C63900D8C505 /* Sources */ = {
			isa = PBXSourcesBuildPhase;
			buildActionMask = 2147483647;
			files = (
				D3C2F1DE1FC6C63900D8C505 /* CLPhotoDemoUITests.m in Sources */,
			);
			runOnlyForDeploymentPostprocessing = 0;
		};
/* End PBXSourcesBuildPhase section */

/* Begin PBXTargetDependency section */
		D3C2F1D01FC6C63900D8C505 /* PBXTargetDependency */ = {
			isa = PBXTargetDependency;
			target = D3C2F1B51FC6C63800D8C505 /* CLPhotoDemo */;
			targetProxy = D3C2F1CF1FC6C63900D8C505 /* PBXContainerItemProxy */;
		};
		D3C2F1DB1FC6C63900D8C505 /* PBXTargetDependency */ = {
			isa = PBXTargetDependency;
			target = D3C2F1B51FC6C63800D8C505 /* CLPhotoDemo */;
			targetProxy = D3C2F1DA1FC6C63900D8C505 /* PBXContainerItemProxy */;
		};
/* End PBXTargetDependency section */

/* Begin PBXVariantGroup section */
		D3C2F1BF1FC6C63800D8C505 /* Main.storyboard */ = {
			isa = PBXVariantGroup;
			children = (
				D3C2F1C01FC6C63800D8C505 /* Base */,
			);
			name = Main.storyboard;
			sourceTree = "<group>";
		};
		D3C2F1C41FC6C63800D8C505 /* LaunchScreen.storyboard */ = {
			isa = PBXVariantGroup;
			children = (
				D3C2F1C51FC6C63800D8C505 /* Base */,
			);
			name = LaunchScreen.storyboard;
			sourceTree = "<group>";
		};
/* End PBXVariantGroup section */

/* Begin XCBuildConfiguration section */
		D3C2F1E01FC6C63900D8C505 /* Debug */ = {
			isa = XCBuildConfiguration;
			buildSettings = {
				ALWAYS_SEARCH_USER_PATHS = NO;
				CLANG_ANALYZER_NONNULL = YES;
				CLANG_ANALYZER_NUMBER_OBJECT_CONVERSION = YES_AGGRESSIVE;
				CLANG_CXX_LANGUAGE_STANDARD = "gnu++14";
				CLANG_CXX_LIBRARY = "libc++";
				CLANG_ENABLE_MODULES = YES;
				CLANG_ENABLE_OBJC_ARC = YES;
				CLANG_WARN_BLOCK_CAPTURE_AUTORELEASING = YES;
				CLANG_WARN_BOOL_CONVERSION = YES;
				CLANG_WARN_COMMA = YES;
				CLANG_WARN_CONSTANT_CONVERSION = YES;
				CLANG_WARN_DIRECT_OBJC_ISA_USAGE = YES_ERROR;
				CLANG_WARN_DOCUMENTATION_COMMENTS = YES;
				CLANG_WARN_EMPTY_BODY = YES;
				CLANG_WARN_ENUM_CONVERSION = YES;
				CLANG_WARN_INFINITE_RECURSION = YES;
				CLANG_WARN_INT_CONVERSION = YES;
				CLANG_WARN_NON_LITERAL_NULL_CONVERSION = YES;
				CLANG_WARN_OBJC_LITERAL_CONVERSION = YES;
				CLANG_WARN_OBJC_ROOT_CLASS = YES_ERROR;
				CLANG_WARN_RANGE_LOOP_ANALYSIS = YES;
				CLANG_WARN_STRICT_PROTOTYPES = YES;
				CLANG_WARN_SUSPICIOUS_MOVE = YES;
				CLANG_WARN_UNGUARDED_AVAILABILITY = YES_AGGRESSIVE;
				CLANG_WARN_UNREACHABLE_CODE = YES;
				CLANG_WARN__DUPLICATE_METHOD_MATCH = YES;
				CODE_SIGN_IDENTITY = "iPhone Developer";
				COPY_PHASE_STRIP = NO;
				DEBUG_INFORMATION_FORMAT = dwarf;
				ENABLE_STRICT_OBJC_MSGSEND = YES;
				ENABLE_TESTABILITY = YES;
				GCC_C_LANGUAGE_STANDARD = gnu11;
				GCC_DYNAMIC_NO_PIC = NO;
				GCC_NO_COMMON_BLOCKS = YES;
				GCC_OPTIMIZATION_LEVEL = 0;
				GCC_PREPROCESSOR_DEFINITIONS = (
					"DEBUG=1",
					"$(inherited)",
				);
				GCC_WARN_64_TO_32_BIT_CONVERSION = YES;
				GCC_WARN_ABOUT_RETURN_TYPE = YES_ERROR;
				GCC_WARN_UNDECLARED_SELECTOR = YES;
				GCC_WARN_UNINITIALIZED_AUTOS = YES_AGGRESSIVE;
				GCC_WARN_UNUSED_FUNCTION = YES;
				GCC_WARN_UNUSED_VARIABLE = YES;
				IPHONEOS_DEPLOYMENT_TARGET = 8.0;
				MTL_ENABLE_DEBUG_INFO = YES;
				ONLY_ACTIVE_ARCH = YES;
				SDKROOT = iphoneos;
			};
			name = Debug;
		};
		D3C2F1E11FC6C63900D8C505 /* Release */ = {
			isa = XCBuildConfiguration;
			buildSettings = {
				ALWAYS_SEARCH_USER_PATHS = NO;
				CLANG_ANALYZER_NONNULL = YES;
				CLANG_ANALYZER_NUMBER_OBJECT_CONVERSION = YES_AGGRESSIVE;
				CLANG_CXX_LANGUAGE_STANDARD = "gnu++14";
				CLANG_CXX_LIBRARY = "libc++";
				CLANG_ENABLE_MODULES = YES;
				CLANG_ENABLE_OBJC_ARC = YES;
				CLANG_WARN_BLOCK_CAPTURE_AUTORELEASING = YES;
				CLANG_WARN_BOOL_CONVERSION = YES;
				CLANG_WARN_COMMA = YES;
				CLANG_WARN_CONSTANT_CONVERSION = YES;
				CLANG_WARN_DIRECT_OBJC_ISA_USAGE = YES_ERROR;
				CLANG_WARN_DOCUMENTATION_COMMENTS = YES;
				CLANG_WARN_EMPTY_BODY = YES;
				CLANG_WARN_ENUM_CONVERSION = YES;
				CLANG_WARN_INFINITE_RECURSION = YES;
				CLANG_WARN_INT_CONVERSION = YES;
				CLANG_WARN_NON_LITERAL_NULL_CONVERSION = YES;
				CLANG_WARN_OBJC_LITERAL_CONVERSION = YES;
				CLANG_WARN_OBJC_ROOT_CLASS = YES_ERROR;
				CLANG_WARN_RANGE_LOOP_ANALYSIS = YES;
				CLANG_WARN_STRICT_PROTOTYPES = YES;
				CLANG_WARN_SUSPICIOUS_MOVE = YES;
				CLANG_WARN_UNGUARDED_AVAILABILITY = YES_AGGRESSIVE;
				CLANG_WARN_UNREACHABLE_CODE = YES;
				CLANG_WARN__DUPLICATE_METHOD_MATCH = YES;
				CODE_SIGN_IDENTITY = "iPhone Developer";
				COPY_PHASE_STRIP = NO;
				DEBUG_INFORMATION_FORMAT = "dwarf-with-dsym";
				ENABLE_NS_ASSERTIONS = NO;
				ENABLE_STRICT_OBJC_MSGSEND = YES;
				GCC_C_LANGUAGE_STANDARD = gnu11;
				GCC_NO_COMMON_BLOCKS = YES;
				GCC_WARN_64_TO_32_BIT_CONVERSION = YES;
				GCC_WARN_ABOUT_RETURN_TYPE = YES_ERROR;
				GCC_WARN_UNDECLARED_SELECTOR = YES;
				GCC_WARN_UNINITIALIZED_AUTOS = YES_AGGRESSIVE;
				GCC_WARN_UNUSED_FUNCTION = YES;
				GCC_WARN_UNUSED_VARIABLE = YES;
				IPHONEOS_DEPLOYMENT_TARGET = 8.0;
				MTL_ENABLE_DEBUG_INFO = NO;
				SDKROOT = iphoneos;
				VALIDATE_PRODUCT = YES;
			};
			name = Release;
		};
		D3C2F1E31FC6C63900D8C505 /* Debug */ = {
			isa = XCBuildConfiguration;
			buildSettings = {
				ASSETCATALOG_COMPILER_APPICON_NAME = AppIcon;
				CODE_SIGN_STYLE = Automatic;
				DEVELOPMENT_TEAM = H7TE95ETHE;
				INFOPLIST_FILE = CLPhotoDemo/Info.plist;
				IPHONEOS_DEPLOYMENT_TARGET = 8.0;
				LD_RUNPATH_SEARCH_PATHS = "$(inherited) @executable_path/Frameworks";
				OTHER_LDFLAGS = "-ObjC";
				PRODUCT_BUNDLE_IDENTIFIER = com.claudeli.CLPhotoDemo;
				PRODUCT_NAME = "$(TARGET_NAME)";
				TARGETED_DEVICE_FAMILY = "1,2";
			};
			name = Debug;
		};
		D3C2F1E41FC6C63900D8C505 /* Release */ = {
			isa = XCBuildConfiguration;
			buildSettings = {
				ASSETCATALOG_COMPILER_APPICON_NAME = AppIcon;
				CODE_SIGN_STYLE = Automatic;
				DEVELOPMENT_TEAM = H7TE95ETHE;
				INFOPLIST_FILE = CLPhotoDemo/Info.plist;
				IPHONEOS_DEPLOYMENT_TARGET = 8.0;
				LD_RUNPATH_SEARCH_PATHS = "$(inherited) @executable_path/Frameworks";
				OTHER_LDFLAGS = "-ObjC";
				PRODUCT_BUNDLE_IDENTIFIER = com.claudeli.CLPhotoDemo;
				PRODUCT_NAME = "$(TARGET_NAME)";
				TARGETED_DEVICE_FAMILY = "1,2";
			};
			name = Release;
		};
		D3C2F1E61FC6C63900D8C505 /* Debug */ = {
			isa = XCBuildConfiguration;
			buildSettings = {
				BUNDLE_LOADER = "$(TEST_HOST)";
				CODE_SIGN_STYLE = Automatic;
				INFOPLIST_FILE = CLPhotoDemoTests/Info.plist;
				LD_RUNPATH_SEARCH_PATHS = "$(inherited) @executable_path/Frameworks @loader_path/Frameworks";
				PRODUCT_BUNDLE_IDENTIFIER = com.claudeli.CLPhotoDemoTests;
				PRODUCT_NAME = "$(TARGET_NAME)";
				TARGETED_DEVICE_FAMILY = "1,2";
				TEST_HOST = "$(BUILT_PRODUCTS_DIR)/CLPhotoDemo.app/CLPhotoDemo";
			};
			name = Debug;
		};
		D3C2F1E71FC6C63900D8C505 /* Release */ = {
			isa = XCBuildConfiguration;
			buildSettings = {
				BUNDLE_LOADER = "$(TEST_HOST)";
				CODE_SIGN_STYLE = Automatic;
				INFOPLIST_FILE = CLPhotoDemoTests/Info.plist;
				LD_RUNPATH_SEARCH_PATHS = "$(inherited) @executable_path/Frameworks @loader_path/Frameworks";
				PRODUCT_BUNDLE_IDENTIFIER = com.claudeli.CLPhotoDemoTests;
				PRODUCT_NAME = "$(TARGET_NAME)";
				TARGETED_DEVICE_FAMILY = "1,2";
				TEST_HOST = "$(BUILT_PRODUCTS_DIR)/CLPhotoDemo.app/CLPhotoDemo";
			};
			name = Release;
		};
		D3C2F1E91FC6C63900D8C505 /* Debug */ = {
			isa = XCBuildConfiguration;
			buildSettings = {
				CODE_SIGN_STYLE = Automatic;
				INFOPLIST_FILE = CLPhotoDemoUITests/Info.plist;
				LD_RUNPATH_SEARCH_PATHS = "$(inherited) @executable_path/Frameworks @loader_path/Frameworks";
				PRODUCT_BUNDLE_IDENTIFIER = com.claudeli.CLPhotoDemoUITests;
				PRODUCT_NAME = "$(TARGET_NAME)";
				TARGETED_DEVICE_FAMILY = "1,2";
				TEST_TARGET_NAME = CLPhotoDemo;
			};
			name = Debug;
		};
		D3C2F1EA1FC6C63900D8C505 /* Release */ = {
			isa = XCBuildConfiguration;
			buildSettings = {
				CODE_SIGN_STYLE = Automatic;
				INFOPLIST_FILE = CLPhotoDemoUITests/Info.plist;
				LD_RUNPATH_SEARCH_PATHS = "$(inherited) @executable_path/Frameworks @loader_path/Frameworks";
				PRODUCT_BUNDLE_IDENTIFIER = com.claudeli.CLPhotoDemoUITests;
				PRODUCT_NAME = "$(TARGET_NAME)";
				TARGETED_DEVICE_FAMILY = "1,2";
				TEST_TARGET_NAME = CLPhotoDemo;
			};
			name = Release;
		};
/* End XCBuildConfiguration section */

/* Begin XCConfigurationList section */
		D3C2F1B11FC6C63800D8C505 /* Build configuration list for PBXProject "CLPhotoDemo" */ = {
			isa = XCConfigurationList;
			buildConfigurations = (
				D3C2F1E01FC6C63900D8C505 /* Debug */,
				D3C2F1E11FC6C63900D8C505 /* Release */,
			);
			defaultConfigurationIsVisible = 0;
			defaultConfigurationName = Release;
		};
		D3C2F1E21FC6C63900D8C505 /* Build configuration list for PBXNativeTarget "CLPhotoDemo" */ = {
			isa = XCConfigurationList;
			buildConfigurations = (
				D3C2F1E31FC6C63900D8C505 /* Debug */,
				D3C2F1E41FC6C63900D8C505 /* Release */,
			);
			defaultConfigurationIsVisible = 0;
			defaultConfigurationName = Release;
		};
		D3C2F1E51FC6C63900D8C505 /* Build configuration list for PBXNativeTarget "CLPhotoDemoTests" */ = {
			isa = XCConfigurationList;
			buildConfigurations = (
				D3C2F1E61FC6C63900D8C505 /* Debug */,
				D3C2F1E71FC6C63900D8C505 /* Release */,
			);
			defaultConfigurationIsVisible = 0;
			defaultConfigurationName = Release;
		};
		D3C2F1E81FC6C63900D8C505 /* Build configuration list for PBXNativeTarget "CLPhotoDemoUITests" */ = {
			isa = XCConfigurationList;
			buildConfigurations = (
				D3C2F1E91FC6C63900D8C505 /* Debug */,
				D3C2F1EA1FC6C63900D8C505 /* Release */,
			);
			defaultConfigurationIsVisible = 0;
			defaultConfigurationName = Release;
		};
/* End XCConfigurationList section */
	};
	rootObject = D3C2F1AE1FC6C63800D8C505 /* Project object */;
}
